<Solution>
  <Project Path="Bed4Head.Application/Bed4Head.Application.csproj" />
  <Project Path="Bed4Head.Common/Bed4Head.Common.csproj" />
  <Project Path="Bed4Head.Domain/Bed4Head.Domain.csproj" />
  <Project Path="Bed4Head.Infrastructure/Bed4Head.Infrastructure.csproj" />
  <Project Path="Bed4Head.Tests/Bed4Head.Tests.csproj" Id="47b32104-c21e-4033-923d-a8cf1ce639aa" />
  <Project Path="Bed4Head.Web/Bed4Head.Web.csproj" />
</Solution>
